// !$*UTF8*$!
{
	archiveVersion = 1;
	classes = {
	};
	objectVersion = 46;
	objects = {

/* Begin PBXBuildFile section */
		085AB01C1DFF649200100BD4 /* AppDelegate.swift in Sources */ = {isa = PBXBuildFile; fileRef = 085AB01B1DFF649200100BD4 /* AppDelegate.swift */; };
		085AB01E1DFF649200100BD4 /* ViewController.swift in Sources */ = {isa = PBXBuildFile; fileRef = 085AB01D1DFF649200100BD4 /* ViewController.swift */; };
		085AB0211DFF649200100BD4 /* Main.storyboard in Resources */ = {isa = PBXBuildFile; fileRef = 085AB01F1DFF649200100BD4 /* Main.storyboard */; };
		085AB0231DFF649200100BD4 /* Assets.xcassets in Resources */ = {isa = PBXBuildFile; fileRef = 085AB0221DFF649200100BD4 /* Assets.xcassets */; };
		085AB0261DFF649200100BD4 /* LaunchScreen.storyboard in Resources */ = {isa = PBXBuildFile; fileRef = 085AB0241DFF649200100BD4 /* LaunchScreen.storyboard */; };
		085AB02E1DFF66A200100BD4 /* ViewController2.swift in Sources */ = {isa = PBXBuildFile; fileRef = 085AB02D1DFF66A200100BD4 /* ViewController2.swift */; };
		085AB0301DFF68A100100BD4 /* CustomPopTransition.swift in Sources */ = {isa = PBXBuildFile; fileRef = 085AB02F1DFF68A100100BD4 /* CustomPopTransition.swift */; };
		085AB0321DFF6B4700100BD4 /* PoppingNavigationController.swift in Sources */ = {isa = PBXBuildFile; fileRef = 085AB0311DFF6B4700100BD4 /* PoppingNavigationController.swift */; };
/* End PBXBuildFile section */

/* Begin PBXFileReference section */
		085AB0181DFF649200100BD4 /* SloppyPractice.app */ = {isa = PBXFileReference; explicitFileType = wrapper.application; includeInIndex = 0; path = SloppyPractice.app; sourceTree = BUILT_PRODUCTS_DIR; };
		085AB01B1DFF649200100BD4 /* AppDelegate.swift */ = {isa = PBXFileReference; lastKnownFileType = sourcecode.swift; path = AppDelegate.swift; sourceTree = "<group>"; };
		085AB01D1DFF649200100BD4 /* ViewController.swift */ = {isa = PBXFileReference; lastKnownFileType = sourcecode.swift; path = ViewController.swift; sourceTree = "<group>"; };
		085AB0201DFF649200100BD4 /* Base */ = {isa = PBXFileReference; lastKnownFileType = file.storyboard; name = Base; path = Base.lproj/Main.storyboard; sourceTree = "<group>"; };
		085AB0221DFF649200100BD4 /* Assets.xcassets */ = {isa = PBXFileReference; lastKnownFileType = folder.assetcatalog; path = Assets.xcassets; sourceTree = "<group>"; };
		085AB0251DFF649200100BD4 /* Base */ = {isa = PBXFileReference; lastKnownFileType = file.storyboard; name = Base; path = Base.lproj/LaunchScreen.storyboard; sourceTree = "<group>"; };
		085AB0271DFF649200100BD4 /* Info.plist */ = {isa = PBXFileReference; lastKnownFileType = text.plist.xml; path = Info.plist; sourceTree = "<group>"; };
		085AB02D1DFF66A200100BD4 /* ViewController2.swift */ = {isa = PBXFileReference; fileEncoding = 4; lastKnownFileType = sourcecode.swift; path = ViewController2.swift; sourceTree = "<group>"; };
		085AB02F1DFF68A100100BD4 /* CustomPopTransition.swift */ = {isa = PBXFileReference; fileEncoding = 4; lastKnownFileType = sourcecode.swift; path = CustomPopTransition.swift; sourceTree = "<group>"; };
		085AB0311DFF6B4700100BD4 /* PoppingNavigationController.swift */ = {isa = PBXFileReference; fileEncoding = 4; lastKnownFileType = sourcecode.swift; path = PoppingNavigationController.swift; sourceTree = "<group>"; };
/* End PBXFileReference section */

/* Begin PBXFrameworksBuildPhase section */
		085AB0151DFF649100100BD4 /* Frameworks */ = {
			isa = PBXFrameworksBuildPhase;
			buildActionMask = 2147483647;
			files = (
			);
			runOnlyForDeploymentPostprocessing = 0;
		};
/* End PBXFrameworksBuildPhase section */

/* Begin PBXGroup section */
		085AB00F1DFF649100100BD4 = {
			isa = PBXGroup;
			children = (
				085AB01A1DFF649200100BD4 /* SloppyPractice */,
				085AB0191DFF649200100BD4 /* Products */,
			);
			sourceTree = "<group>";
		};
		085AB0191DFF649200100BD4 /* Products */ = {
			isa = PBXGroup;
			children = (
				085AB0181DFF649200100BD4 /* SloppyPractice.app */,
			);
			name = Products;
			sourceTree = "<group>";
		};
		085AB01A1DFF649200100BD4 /* SloppyPractice */ = {
			isa = PBXGroup;
			children = (
				085AB01B1DFF649200100BD4 /* AppDelegate.swift */,
				085AB01D1DFF649200100BD4 /* ViewController.swift */,
				085AB02D1DFF66A200100BD4 /* ViewController2.swift */,
				085AB01F1DFF649200100BD4 /* Main.storyboard */,
				085AB0221DFF649200100BD4 /* Assets.xcassets */,
				085AB0241DFF649200100BD4 /* LaunchScreen.storyboard */,
				085AB0271DFF649200100BD4 /* Info.plist */,
				085AB02F1DFF68A100100BD4 /* CustomPopTransition.swift */,
				085AB0311DFF6B4700100BD4 /* PoppingNavigationController.swift */,
			);
			path = SloppyPractice;
			sourceTree = "<group>";
		};
/* End PBXGroup section */

/* Begin PBXNativeTarget section */
		085AB0171DFF649100100BD4 /* SloppyPractice */ = {
			isa = PBXNativeTarget;
			buildConfigurationList = 085AB02A1DFF649200100BD4 /* Build configuration list for PBXNativeTarget "SloppyPractice" */;
			buildPhases = (
				085AB0141DFF649100100BD4 /* Sources */,
				085AB0151DFF649100100BD4 /* Frameworks */,
				085AB0161DFF649100100BD4 /* Resources */,
			);
			buildRules = (
			);
			dependencies = (
			);
			name = SloppyPractice;
			productName = SloppyPractice;
			productReference = 085AB0181DFF649200100BD4 /* SloppyPractice.app */;
			productType = "com.apple.product-type.application";
		};
/* End PBXNativeTarget section */

/* Begin PBXProject section */
		085AB0101DFF649100100BD4 /* Project object */ = {
			isa = PBXProject;
			attributes = {
				LastSwiftUpdateCheck = 0800;
				LastUpgradeCheck = 0800;
				ORGANIZATIONNAME = MAPSSI;
				TargetAttributes = {
					085AB0171DFF649100100BD4 = {
						CreatedOnToolsVersion = 8.0;
						DevelopmentTeam = J9EKY54ZWF;
						ProvisioningStyle = Automatic;
					};
				};
			};
			buildConfigurationList = 085AB0131DFF649100100BD4 /* Build configuration list for PBXProject "SloppyPractice" */;
			compatibilityVersion = "Xcode 3.2";
			developmentRegion = English;
			hasScannedForEncodings = 0;
			knownRegions = (
				en,
				Base,
			);
			mainGroup = 085AB00F1DFF649100100BD4;
			productRefGroup = 085AB0191DFF649200100BD4 /* Products */;
			projectDirPath = "";
			projectRoot = "";
			targets = (
				085AB0171DFF649100100BD4 /* SloppyPractice */,
			);
		};
/* End PBXProject section */

/* Begin PBXResourcesBuildPhase section */
		085AB0161DFF649100100BD4 /* Resources */ = {
			isa = PBXResourcesBuildPhase;
			buildActionMask = 2147483647;
			files = (
				085AB0261DFF649200100BD4 /* LaunchScreen.storyboard in Resources */,
				085AB0231DFF649200100BD4 /* Assets.xcassets in Resources */,
				085AB0211DFF649200100BD4 /* Main.storyboard in Resources */,
			);
			runOnlyForDeploymentPostprocessing = 0;
		};
/* End PBXResourcesBuildPhase section */

/* Begin PBXSourcesBuildPhase section */
		085AB0141DFF649100100BD4 /* Sources */ = {
			isa = PBXSourcesBuildPhase;
			buildActionMask = 2147483647;
			files = (
				085AB01E1DFF649200100BD4 /* ViewController.swift in Sources */,
				085AB0301DFF68A100100BD4 /* CustomPopTransition.swift in Sources */,
				085AB0321DFF6B4700100BD4 /* PoppingNavigationController.swift in Sources */,
				085AB01C1DFF649200100BD4 /* AppDelegate.swift in Sources */,
				085AB02E1DFF66A200100BD4 /* ViewController2.swift in Sources */,
			);
			runOnlyForDeploymentPostprocessing = 0;
		};
/* End PBXSourcesBuildPhase section */

/* Begin PBXVariantGroup section */
		085AB01F1DFF649200100BD4 /* Main.storyboard */ = {
			isa = PBXVariantGroup;
			children = (
				085AB0201DFF649200100BD4 /* Base */,
			);
			name = Main.storyboard;
			sourceTree = "<group>";
		};
		085AB0241DFF649200100BD4 /* LaunchScreen.storyboard */ = {
			isa = PBXVariantGroup;
			children = (
				085AB0251DFF649200100BD4 /* Base */,
			);
			name = LaunchScreen.storyboard;
			sourceTree = "<group>";
		};
/* End PBXVariantGroup section */

/* Begin XCBuildConfiguration section */
		085AB0281DFF649200100BD4 /* Debug */ = {
			isa = XCBuildConfiguration;
			buildSettings = {
				ALWAYS_SEARCH_USER_PATHS = NO;
				CLANG_ANALYZER_NONNULL = YES;
				CLANG_CXX_LANGUAGE_STANDARD = "gnu++0x";
				CLANG_CXX_LIBRARY = "libc++";
				CLANG_ENABLE_MODULES = YES;
				CLANG_ENABLE_OBJC_ARC = YES;
				CLANG_WARN_BOOL_CONVERSION = YES;
				CLANG_WARN_CONSTANT_CONVERSION = YES;
				CLANG_WARN_DIRECT_OBJC_ISA_USAGE = YES_ERROR;
				CLANG_WARN_DOCUMENTATION_COMMENTS = YES;
				CLANG_WARN_EMPTY_BODY = YES;
				CLANG_WARN_ENUM_CONVERSION = YES;
				CLANG_WARN_INFINITE_RECURSION = YES;
				CLANG_WARN_INT_CONVERSION = YES;
				CLANG_WARN_OBJC_ROOT_CLASS = YES_ERROR;
				CLANG_WARN_SUSPICIOUS_MOVES = YES;
				CLANG_WARN_UNREACHABLE_CODE = YES;
				CLANG_WARN__DUPLICATE_METHOD_MATCH = YES;
				"CODE_SIGN_IDENTITY[sdk=iphoneos*]" = "iPhone Developer";
				COPY_PHASE_STRIP = NO;
				DEBUG_INFORMATION_FORMAT = dwarf;
				ENABLE_STRICT_OBJC_MSGSEND = YES;
				ENABLE_TESTABILITY = YES;
				GCC_C_LANGUAGE_STANDARD = gnu99;
				GCC_DYNAMIC_NO_PIC = NO;
				GCC_NO_COMMON_BLOCKS = YES;
				GCC_OPTIMIZATION_LEVEL = 0;
				GCC_PREPROCESSOR_DEFINITIONS = (
					"DEBUG=1",
					"$(inherited)",
				);
				GCC_WARN_64_TO_32_BIT_CONVERSION = YES;
				GCC_WARN_ABOUT_RETURN_TYPE = YES_ERROR;
				GCC_WARN_UNDECLARED_SELECTOR = YES;
				GCC_WARN_UNINITIALIZED_AUTOS = YES_AGGRESSIVE;
				GCC_WARN_UNUSED_FUNCTION = YES;
				GCC_WARN_UNUSED_VARIABLE = YES;
				IPHONEOS_DEPLOYMENT_TARGET = 10.0;
				MTL_ENABLE_DEBUG_INFO = YES;
				ONLY_ACTIVE_ARCH = YES;
				SDKROOT = iphoneos;
				SWIFT_ACTIVE_COMPILATION_CONDITIONS = DEBUG;
				SWIFT_OPTIMIZATION_LEVEL = "-Onone";
			};
			name = Debug;
		};
		085AB0291DFF649200100BD4 /* Release */ = {
			isa = XCBuildConfiguration;
			buildSettings = {
				ALWAYS_SEARCH_USER_PATHS = NO;
				CLANG_ANALYZER_NONNULL = YES;
				CLANG_CXX_LANGUAGE_STANDARD = "gnu++0x";
				CLANG_CXX_LIBRARY = "libc++";
				CLANG_ENABLE_MODULES = YES;
				CLANG_ENABLE_OBJC_ARC = YES;
				CLANG_WARN_BOOL_CONVERSION = YES;
				CLANG_WARN_CONSTANT_CONVERSION = YES;
				CLANG_WARN_DIRECT_OBJC_ISA_USAGE = YES_ERROR;
				CLANG_WARN_DOCUMENTATION_COMMENTS = YES;
				CLANG_WARN_EMPTY_BODY = YES;
				CLANG_WARN_ENUM_CONVERSION = YES;
				CLANG_WARN_INFINITE_RECURSION = YES;
				CLANG_WARN_INT_CONVERSION = YES;
				CLANG_WARN_OBJC_ROOT_CLASS = YES_ERROR;
				CLANG_WARN_SUSPICIOUS_MOVES = YES;
				CLANG_WARN_UNREACHABLE_CODE = YES;
				CLANG_WARN__DUPLICATE_METHOD_MATCH = YES;
				"CODE_SIGN_IDENTITY[sdk=iphoneos*]" = "iPhone Developer";
				COPY_PHASE_STRIP = NO;
				DEBUG_INFORMATION_FORMAT = "dwarf-with-dsym";
				ENABLE_NS_ASSERTIONS = NO;
				ENABLE_STRICT_OBJC_MSGSEND = YES;
				GCC_C_LANGUAGE_STANDARD = gnu99;
				GCC_NO_COMMON_BLOCKS = YES;
				GCC_WARN_64_TO_32_BIT_CONVERSION = YES;
				GCC_WARN_ABOUT_RETURN_TYPE = YES_ERROR;
				GCC_WARN_UNDECLARED_SELECTOR = YES;
				GCC_WARN_UNINITIALIZED_AUTOS = YES_AGGRESSIVE;
				GCC_WARN_UNUSED_FUNCTION = YES;
				GCC_WARN_UNUSED_VARIABLE = YES;
				IPHONEOS_DEPLOYMENT_TARGET = 10.0;
				MTL_ENABLE_DEBUG_INFO = NO;
				SDKROOT = iphoneos;
				SWIFT_OPTIMIZATION_LEVEL = "-Owholemodule";
				VALIDATE_PRODUCT = YES;
			};
			name = Release;
		};
		085AB02B1DFF649200100BD4 /* Debug */ = {
			isa = XCBuildConfiguration;
			buildSettings = {
				ASSETCATALOG_COMPILER_APPICON_NAME = AppIcon;
				DEVELOPMENT_TEAM = J9EKY54ZWF;
				INFOPLIST_FILE = SloppyPractice/Info.plist;
				IPHONEOS_DEPLOYMENT_TARGET = 9.0;
				LD_RUNPATH_SEARCH_PATHS = "$(inherited) @executable_path/Frameworks";
				PRODUCT_BUNDLE_IDENTIFIER = Slopy.SloppyPractice;
				PRODUCT_NAME = "$(TARGET_NAME)";
				SWIFT_VERSION = 3.0;
				TARGETED_DEVICE_FAMILY = 1;
			};
			name = Debug;
		};
		085AB02C1DFF649200100BD4 /* Release */ = {
			isa = XCBuildConfiguration;
			buildSettings = {
				ASSETCATALOG_COMPILER_APPICON_NAME = AppIcon;
				DEVELOPMENT_TEAM = J9EKY54ZWF;
				INFOPLIST_FILE = SloppyPractice/Info.plist;
				IPHONEOS_DEPLOYMENT_TARGET = 9.0;
				LD_RUNPATH_SEARCH_PATHS = "$(inherited) @executable_path/Frameworks";
				PRODUCT_BUNDLE_IDENTIFIER = Slopy.SloppyPractice;
				PRODUCT_NAME = "$(TARGET_NAME)";
				SWIFT_VERSION = 3.0;
				TARGETED_DEVICE_FAMILY = 1;
			};
			name = Release;
		};
/* End XCBuildConfiguration section */

/* Begin XCConfigurationList section */
		085AB0131DFF649100100BD4 /* Build configuration list for PBXProject "SloppyPractice" */ = {
			isa = XCConfigurationList;
			buildConfigurations = (
				085AB0281DFF649200100BD4 /* Debug */,
				085AB0291DFF649200100BD4 /* Release */,
			);
			defaultConfigurationIsVisible = 0;
			defaultConfigurationName = Release;
		};
		085AB02A1DFF649200100BD4 /* Build configuration list for PBXNativeTarget "SloppyPractice" */ = {
			isa = XCConfigurationList;
			buildConfigurations = (
				085AB02B1DFF649200100BD4 /* Debug */,
				085AB02C1DFF649200100BD4 /* Release */,
			);
			defaultConfigurationIsVisible = 0;
		};
/* End XCConfigurationList section */
	};
	rootObject = 085AB0101DFF649100100BD4 /* Project object */;
}
